
Microsoft Visual Studio Solution File, Format Version 12.00
# Visual Studio 15
VisualStudioVersion = 15.0.26124.0
MinimumVisualStudioVersion = 15.0.26124.0
Project("{FAE04EC0-301F-11D3-BF4B-00C04F79EFBC}") = "sp.auth.app", "sp.auth.app\sp.auth.app.csproj", "{C1C426D3-FA82-4432-A154-08BD8967C758}"
EndProject
Project("{FAE04EC0-301F-11D3-BF4B-00C04F79EFBC}") = "sp.auth.common", "sp.auth.common\sp.auth.common.csproj", "{7FF3DB01-26C7-4D76-A2DD-888770B0B7AE}"
EndProject
Project("{FAE04EC0-301F-11D3-BF4B-00C04F79EFBC}") = "sp.auth.domain", "sp.auth.domain\sp.auth.domain.csproj", "{39318621-EEE7-4F72-B1FE-6AAED04E8726}"
EndProject
Project("{FAE04EC0-301F-11D3-BF4B-00C04F79EFBC}") = "sp.auth.persistence", "sp.auth.persistence\sp.auth.persistence.csproj", "{AB6DCC14-2FCD-48B5-8926-AE07FD0599E3}"
EndProject
Project("{FAE04EC0-301F-11D3-BF4B-00C04F79EFBC}") = "sp.auth.service", "sp.auth.service\sp.auth.service.csproj", "{DFD57E50-E293-42C4-AB52-58D7EFBFB0FB}"
EndProject
Project("{2150E333-8FDC-42A3-9474-1A3956D46DE8}") = "UnitTesting", "UnitTesting", "{0FD00F53-125E-4C47-AC0E-716155B38567}"
EndProject
Project("{FAE04EC0-301F-11D3-BF4B-00C04F79EFBC}") = "sp.auth.app.tests", "sp.auth.app.tests\sp.auth.app.tests.csproj", "{213A253C-4B20-4758-90FA-7F9A7AE4AE00}"
EndProject
Global
	GlobalSection(SolutionConfigurationPlatforms) = preSolution
		Debug|Any CPU = Debug|Any CPU
		Debug|x64 = Debug|x64
		Debug|x86 = Debug|x86
		Release|Any CPU = Release|Any CPU
		Release|x64 = Release|x64
		Release|x86 = Release|x86
	EndGlobalSection
	GlobalSection(SolutionProperties) = preSolution
		HideSolutionNode = FALSE
	EndGlobalSection
	GlobalSection(ProjectConfigurationPlatforms) = postSolution
		{C1C426D3-FA82-4432-A154-08BD8967C758}.Debug|Any CPU.ActiveCfg = Debug|Any CPU
		{C1C426D3-FA82-4432-A154-08BD8967C758}.Debug|Any CPU.Build.0 = Debug|Any CPU
		{C1C426D3-FA82-4432-A154-08BD8967C758}.Debug|x64.ActiveCfg = Debug|Any CPU
		{C1C426D3-FA82-4432-A154-08BD8967C758}.Debug|x64.Build.0 = Debug|Any CPU
		{C1C426D3-FA82-4432-A154-08BD8967C758}.Debug|x86.ActiveCfg = Debug|Any CPU
		{C1C426D3-FA82-4432-A154-08BD8967C758}.Debug|x86.Build.0 = Debug|Any CPU
		{C1C426D3-FA82-4432-A154-08BD8967C758}.Release|Any CPU.ActiveCfg = Release|Any CPU
		{C1C426D3-FA82-4432-A154-08BD8967C758}.Release|Any CPU.Build.0 = Release|Any CPU
		{C1C426D3-FA82-4432-A154-08BD8967C758}.Release|x64.ActiveCfg = Release|Any CPU
		{C1C426D3-FA82-4432-A154-08BD8967C758}.Release|x64.Build.0 = Release|Any CPU
		{C1C426D3-FA82-4432-A154-08BD8967C758}.Release|x86.ActiveCfg = Release|Any CPU
		{C1C426D3-FA82-4432-A154-08BD8967C758}.Release|x86.Build.0 = Release|Any CPU
		{7FF3DB01-26C7-4D76-A2DD-888770B0B7AE}.Debug|Any CPU.ActiveCfg = Debug|Any CPU
		{7FF3DB01-26C7-4D76-A2DD-888770B0B7AE}.Debug|Any CPU.Build.0 = Debug|Any CPU
		{7FF3DB01-26C7-4D76-A2DD-888770B0B7AE}.Debug|x64.ActiveCfg = Debug|Any CPU
		{7FF3DB01-26C7-4D76-A2DD-888770B0B7AE}.Debug|x64.Build.0 = Debug|Any CPU
		{7FF3DB01-26C7-4D76-A2DD-888770B0B7AE}.Debug|x86.ActiveCfg = Debug|Any CPU
		{7FF3DB01-26C7-4D76-A2DD-888770B0B7AE}.Debug|x86.Build.0 = Debug|Any CPU
		{7FF3DB01-26C7-4D76-A2DD-888770B0B7AE}.Release|Any CPU.ActiveCfg = Release|Any CPU
		{7FF3DB01-26C7-4D76-A2DD-888770B0B7AE}.Release|Any CPU.Build.0 = Release|Any CPU
		{7FF3DB01-26C7-4D76-A2DD-888770B0B7AE}.Release|x64.ActiveCfg = Release|Any CPU
		{7FF3DB01-26C7-4D76-A2DD-888770B0B7AE}.Release|x64.Build.0 = Release|Any CPU
		{7FF3DB01-26C7-4D76-A2DD-888770B0B7AE}.Release|x86.ActiveCfg = Release|Any CPU
		{7FF3DB01-26C7-4D76-A2DD-888770B0B7AE}.Release|x86.Build.0 = Release|Any CPU
		{39318621-EEE7-4F72-B1FE-6AAED04E8726}.Debug|Any CPU.ActiveCfg = Debug|Any CPU
		{39318621-EEE7-4F72-B1FE-6AAED04E8726}.Debug|Any CPU.Build.0 = Debug|Any CPU
		{39318621-EEE7-4F72-B1FE-6AAED04E8726}.Debug|x64.ActiveCfg = Debug|Any CPU
		{39318621-EEE7-4F72-B1FE-6AAED04E8726}.Debug|x64.Build.0 = Debug|Any CPU
		{39318621-EEE7-4F72-B1FE-6AAED04E8726}.Debug|x86.ActiveCfg = Debug|Any CPU
		{39318621-EEE7-4F72-B1FE-6AAED04E8726}.Debug|x86.Build.0 = Debug|Any CPU
		{39318621-EEE7-4F72-B1FE-6AAED04E8726}.Release|Any CPU.ActiveCfg = Release|Any CPU
		{39318621-EEE7-4F72-B1FE-6AAED04E8726}.Release|Any CPU.Build.0 = Release|Any CPU
		{39318621-EEE7-4F72-B1FE-6AAED04E8726}.Release|x64.ActiveCfg = Release|Any CPU
		{39318621-EEE7-4F72-B1FE-6AAED04E8726}.Release|x64.Build.0 = Release|Any CPU
		{39318621-EEE7-4F72-B1FE-6AAED04E8726}.Release|x86.ActiveCfg = Release|Any CPU
		{39318621-EEE7-4F72-B1FE-6AAED04E8726}.Release|x86.Build.0 = Release|Any CPU
		{AB6DCC14-2FCD-48B5-8926-AE07FD0599E3}.Debug|Any CPU.ActiveCfg = Debug|Any CPU
		{AB6DCC14-2FCD-48B5-8926-AE07FD0599E3}.Debug|Any CPU.Build.0 = Debug|Any CPU
		{AB6DCC14-2FCD-48B5-8926-AE07FD0599E3}.Debug|x64.ActiveCfg = Debug|Any CPU
		{AB6DCC14-2FCD-48B5-8926-AE07FD0599E3}.Debug|x64.Build.0 = Debug|Any CPU
		{AB6DCC14-2FCD-48B5-8926-AE07FD0599E3}.Debug|x86.ActiveCfg = Debug|Any CPU
		{AB6DCC14-2FCD-48B5-8926-AE07FD0599E3}.Debug|x86.Build.0 = Debug|Any CPU
		{AB6DCC14-2FCD-48B5-8926-AE07FD0599E3}.Release|Any CPU.ActiveCfg = Release|Any CPU
		{AB6DCC14-2FCD-48B5-8926-AE07FD0599E3}.Release|Any CPU.Build.0 = Release|Any CPU
		{AB6DCC14-2FCD-48B5-8926-AE07FD0599E3}.Release|x64.ActiveCfg = Release|Any CPU
		{AB6DCC14-2FCD-48B5-8926-AE07FD0599E3}.Release|x64.Build.0 = Release|Any CPU
		{AB6DCC14-2FCD-48B5-8926-AE07FD0599E3}.Release|x86.ActiveCfg = Release|Any CPU
		{AB6DCC14-2FCD-48B5-8926-AE07FD0599E3}.Release|x86.Build.0 = Release|Any CPU
		{DFD57E50-E293-42C4-AB52-58D7EFBFB0FB}.Debug|Any CPU.ActiveCfg = Debug|Any CPU
		{DFD57E50-E293-42C4-AB52-58D7EFBFB0FB}.Debug|Any CPU.Build.0 = Debug|Any CPU
		{DFD57E50-E293-42C4-AB52-58D7EFBFB0FB}.Debug|x64.ActiveCfg = Debug|Any CPU
		{DFD57E50-E293-42C4-AB52-58D7EFBFB0FB}.Debug|x64.Build.0 = Debug|Any CPU
		{DFD57E50-E293-42C4-AB52-58D7EFBFB0FB}.Debug|x86.ActiveCfg = Debug|Any CPU
		{DFD57E50-E293-42C4-AB52-58D7EFBFB0FB}.Debug|x86.Build.0 = Debug|Any CPU
		{DFD57E50-E293-42C4-AB52-58D7EFBFB0FB}.Release|Any CPU.ActiveCfg = Release|Any CPU
		{DFD57E50-E293-42C4-AB52-58D7EFBFB0FB}.Release|Any CPU.Build.0 = Release|Any CPU
		{DFD57E50-E293-42C4-AB52-58D7EFBFB0FB}.Release|x64.ActiveCfg = Release|Any CPU
		{DFD57E50-E293-42C4-AB52-58D7EFBFB0FB}.Release|x64.Build.0 = Release|Any CPU
		{DFD57E50-E293-42C4-AB52-58D7EFBFB0FB}.Release|x86.ActiveCfg = Release|Any CPU
		{DFD57E50-E293-42C4-AB52-58D7EFBFB0FB}.Release|x86.Build.0 = Release|Any CPU
		{213A253C-4B20-4758-90FA-7F9A7AE4AE00}.Debug|Any CPU.ActiveCfg = Debug|Any CPU
		{213A253C-4B20-4758-90FA-7F9A7AE4AE00}.Debug|Any CPU.Build.0 = Debug|Any CPU
		{213A253C-4B20-4758-90FA-7F9A7AE4AE00}.Debug|x64.ActiveCfg = Debug|Any CPU
		{213A253C-4B20-4758-90FA-7F9A7AE4AE00}.Debug|x64.Build.0 = Debug|Any CPU
		{213A253C-4B20-4758-90FA-7F9A7AE4AE00}.Debug|x86.ActiveCfg = Debug|Any CPU
		{213A253C-4B20-4758-90FA-7F9A7AE4AE00}.Debug|x86.Build.0 = Debug|Any CPU
		{213A253C-4B20-4758-90FA-7F9A7AE4AE00}.Release|Any CPU.ActiveCfg = Release|Any CPU
		{213A253C-4B20-4758-90FA-7F9A7AE4AE00}.Release|Any CPU.Build.0 = Release|Any CPU
		{213A253C-4B20-4758-90FA-7F9A7AE4AE00}.Release|x64.ActiveCfg = Release|Any CPU
		{213A253C-4B20-4758-90FA-7F9A7AE4AE00}.Release|x64.Build.0 = Release|Any CPU
		{213A253C-4B20-4758-90FA-7F9A7AE4AE00}.Release|x86.ActiveCfg = Release|Any CPU
		{213A253C-4B20-4758-90FA-7F9A7AE4AE00}.Release|x86.Build.0 = Release|Any CPU
	EndGlobalSection
	GlobalSection(NestedProjects) = preSolution
		{213A253C-4B20-4758-90FA-7F9A7AE4AE00} = {0FD00F53-125E-4C47-AC0E-716155B38567}
	EndGlobalSection
EndGlobal
